
Microsoft Visual Studio Solution File, Format Version 12.00
# Visual Studio Version 16
VisualStudioVersion = 16.0.30503.244
MinimumVisualStudioVersion = 10.0.40219.1
Project("{FAE04EC0-301F-11D3-BF4B-00C04F79EFBC}") = "WebAPI", "WebAPI\WebAPI.csproj", "{BBCC3E3B-8ABC-4E2F-981A-99B0A0A0967D}"
EndProject
Global
	GlobalSection(SolutionConfigurationPlatforms) = preSolution
		Debug|Any CPU = Debug|Any CPU
		Release|Any CPU = Release|Any CPU
	EndGlobalSection
	GlobalSection(ProjectConfigurationPlatforms) = postSolution
		{BBCC3E3B-8ABC-4E2F-981A-99B0A0A0967D}.Debug|Any CPU.ActiveCfg = Debug|Any CPU
		{BBCC3E3B-8ABC-4E2F-981A-99B0A0A0967D}.Debug|Any CPU.Build.0 = Debug|Any CPU
		{BBCC3E3B-8ABC-4E2F-981A-99B0A0A0967D}.Release|Any CPU.ActiveCfg = Release|Any CPU
		{BBCC3E3B-8ABC-4E2F-981A-99B0A0A0967D}.Release|Any CPU.Build.0 = Release|Any CPU
	EndGlobalSection
	GlobalSection(SolutionProperties) = preSolution
		HideSolutionNode = FALSE
	EndGlobalSection
	GlobalSection(ExtensibilityGlobals) = postSolution
		SolutionGuid = {90D03BEE-C24F-457C-8358-E5CF87BDFE98}
	EndGlobalSection
EndGlobal
